
Microsoft Visual Studio Solution File, Format Version 12.00
# Visual Studio Version 17
VisualStudioVersion = 17.13.35825.156
MinimumVisualStudioVersion = 10.0.40219.1
Project("{FAE04EC0-301F-11D3-BF4B-00C04F79EFBC}") = "calcu", "calcu\calcu.csproj", "{D3190851-6961-47C1-8300-6E3A137D4CB3}"
EndProject
Project("{FAE04EC0-301F-11D3-BF4B-00C04F79EFBC}") = "calcu.Core", "calcu.Core\calcu.Core.csproj", "{CA0926D6-BA92-4A28-B07E-D71F87FA77F2}"
EndProject
Project("{FAE04EC0-301F-11D3-BF4B-00C04F79EFBC}") = "calcu.Tests", "calcu.Tests\calcu.Tests.csproj", "{9F0C74D5-1E78-4DC9-9DE5-985B5BC38D38}"
EndProject
Global
	GlobalSection(SolutionConfigurationPlatforms) = preSolution
		Debug|Any CPU = Debug|Any CPU
		Debug|x64 = Debug|x64
		Debug|x86 = Debug|x86
		Release|Any CPU = Release|Any CPU
		Release|x64 = Release|x64
		Release|x86 = Release|x86
	EndGlobalSection
	GlobalSection(ProjectConfigurationPlatforms) = postSolution
		{D3190851-6961-47C1-8300-6E3A137D4CB3}.Debug|Any CPU.ActiveCfg = Debug|Any CPU
		{D3190851-6961-47C1-8300-6E3A137D4CB3}.Debug|Any CPU.Build.0 = Debug|Any CPU
		{D3190851-6961-47C1-8300-6E3A137D4CB3}.Debug|Any CPU.Deploy.0 = Debug|Any CPU
		{D3190851-6961-47C1-8300-6E3A137D4CB3}.Debug|x64.ActiveCfg = Debug|Any CPU
		{D3190851-6961-47C1-8300-6E3A137D4CB3}.Debug|x64.Build.0 = Debug|Any CPU
		{D3190851-6961-47C1-8300-6E3A137D4CB3}.Debug|x86.ActiveCfg = Debug|Any CPU
		{D3190851-6961-47C1-8300-6E3A137D4CB3}.Debug|x86.Build.0 = Debug|Any CPU
		{D3190851-6961-47C1-8300-6E3A137D4CB3}.Release|Any CPU.ActiveCfg = Release|Any CPU
		{D3190851-6961-47C1-8300-6E3A137D4CB3}.Release|Any CPU.Build.0 = Release|Any CPU
		{D3190851-6961-47C1-8300-6E3A137D4CB3}.Release|x64.ActiveCfg = Release|Any CPU
		{D3190851-6961-47C1-8300-6E3A137D4CB3}.Release|x64.Build.0 = Release|Any CPU
		{D3190851-6961-47C1-8300-6E3A137D4CB3}.Release|x86.ActiveCfg = Release|Any CPU
		{D3190851-6961-47C1-8300-6E3A137D4CB3}.Release|x86.Build.0 = Release|Any CPU
		{CA0926D6-BA92-4A28-B07E-D71F87FA77F2}.Debug|Any CPU.ActiveCfg = Debug|Any CPU
		{CA0926D6-BA92-4A28-B07E-D71F87FA77F2}.Debug|Any CPU.Build.0 = Debug|Any CPU
		{CA0926D6-BA92-4A28-B07E-D71F87FA77F2}.Debug|x64.ActiveCfg = Debug|Any CPU
		{CA0926D6-BA92-4A28-B07E-D71F87FA77F2}.Debug|x64.Build.0 = Debug|Any CPU
		{CA0926D6-BA92-4A28-B07E-D71F87FA77F2}.Debug|x86.ActiveCfg = Debug|Any CPU
		{CA0926D6-BA92-4A28-B07E-D71F87FA77F2}.Debug|x86.Build.0 = Debug|Any CPU
		{CA0926D6-BA92-4A28-B07E-D71F87FA77F2}.Release|Any CPU.ActiveCfg = Release|Any CPU
		{CA0926D6-BA92-4A28-B07E-D71F87FA77F2}.Release|Any CPU.Build.0 = Release|Any CPU
		{CA0926D6-BA92-4A28-B07E-D71F87FA77F2}.Release|x64.ActiveCfg = Release|Any CPU
		{CA0926D6-BA92-4A28-B07E-D71F87FA77F2}.Release|x64.Build.0 = Release|Any CPU
		{CA0926D6-BA92-4A28-B07E-D71F87FA77F2}.Release|x86.ActiveCfg = Release|Any CPU
		{CA0926D6-BA92-4A28-B07E-D71F87FA77F2}.Release|x86.Build.0 = Release|Any CPU
		{9F0C74D5-1E78-4DC9-9DE5-985B5BC38D38}.Debug|Any CPU.ActiveCfg = Debug|Any CPU
		{9F0C74D5-1E78-4DC9-9DE5-985B5BC38D38}.Debug|Any CPU.Build.0 = Debug|Any CPU
		{9F0C74D5-1E78-4DC9-9DE5-985B5BC38D38}.Debug|x64.ActiveCfg = Debug|Any CPU
		{9F0C74D5-1E78-4DC9-9DE5-985B5BC38D38}.Debug|x64.Build.0 = Debug|Any CPU
		{9F0C74D5-1E78-4DC9-9DE5-985B5BC38D38}.Debug|x86.ActiveCfg = Debug|Any CPU
		{9F0C74D5-1E78-4DC9-9DE5-985B5BC38D38}.Debug|x86.Build.0 = Debug|Any CPU
		{9F0C74D5-1E78-4DC9-9DE5-985B5BC38D38}.Release|Any CPU.ActiveCfg = Release|Any CPU
		{9F0C74D5-1E78-4DC9-9DE5-985B5BC38D38}.Release|Any CPU.Build.0 = Release|Any CPU
		{9F0C74D5-1E78-4DC9-9DE5-985B5BC38D38}.Release|x64.ActiveCfg = Release|Any CPU
		{9F0C74D5-1E78-4DC9-9DE5-985B5BC38D38}.Release|x64.Build.0 = Release|Any CPU
		{9F0C74D5-1E78-4DC9-9DE5-985B5BC38D38}.Release|x86.ActiveCfg = Release|Any CPU
		{9F0C74D5-1E78-4DC9-9DE5-985B5BC38D38}.Release|x86.Build.0 = Release|Any CPU
	EndGlobalSection
	GlobalSection(SolutionProperties) = preSolution
		HideSolutionNode = FALSE
	EndGlobalSection
	GlobalSection(ExtensibilityGlobals) = postSolution
		SolutionGuid = {E7260C61-433A-494B-A9FD-9C2484250523}
	EndGlobalSection
EndGlobal
